
Microsoft Visual Studio Solution File, Format Version 12.00
# Visual Studio Version 17
VisualStudioVersion = 17.0.32014.148
MinimumVisualStudioVersion = 10.0.40219.1
Project("{FAE04EC0-301F-11D3-BF4B-00C04F79EFBC}") = "SDConsole", "SDConsole\SDConsole.csproj", "{27867223-7129-4C8D-B7E9-8024A96D100B}"
EndProject
Global
	GlobalSection(SolutionConfigurationPlatforms) = preSolution
		Debug|Any CPU = Debug|Any CPU
		Release|Any CPU = Release|Any CPU
	EndGlobalSection
	GlobalSection(ProjectConfigurationPlatforms) = postSolution
		{27867223-7129-4C8D-B7E9-8024A96D100B}.Debug|Any CPU.ActiveCfg = Debug|Any CPU
		{27867223-7129-4C8D-B7E9-8024A96D100B}.Debug|Any CPU.Build.0 = Debug|Any CPU
		{27867223-7129-4C8D-B7E9-8024A96D100B}.Release|Any CPU.ActiveCfg = Release|Any CPU
		{27867223-7129-4C8D-B7E9-8024A96D100B}.Release|Any CPU.Build.0 = Release|Any CPU
	EndGlobalSection
	GlobalSection(SolutionProperties) = preSolution
		HideSolutionNode = FALSE
	EndGlobalSection
	GlobalSection(ExtensibilityGlobals) = postSolution
		SolutionGuid = {65C39D72-66A6-4A0B-A688-97976A710273}
	EndGlobalSection
EndGlobal
